// !$*UTF8*$!
{
	archiveVersion = 1;
	classes = {
	};
	objectVersion = 77;
	objects = {

/* Begin PBXContainerItemProxy section */
		AD4482672DD667A70088EDB0 /* PBXContainerItemProxy */ = {
			isa = PBXContainerItemProxy;
			containerPortal = AD44824E2DD667A60088EDB0 /* Project object */;
			proxyType = 1;
			remoteGlobalIDString = AD4482552DD667A60088EDB0;
			remoteInfo = dogtraffic;
		};
		AD4482712DD667A70088EDB0 /* PBXContainerItemProxy */ = {
			isa = PBXContainerItemProxy;
			containerPortal = AD44824E2DD667A60088EDB0 /* Project object */;
			proxyType = 1;
			remoteGlobalIDString = AD4482552DD667A60088EDB0;
			remoteInfo = dogtraffic;
		};
/* End PBXContainerItemProxy section */

/* Begin PBXFileReference section */
		AD4482562DD667A60088EDB0 /* dogtraffic.app */ = {isa = PBXFileReference; explicitFileType = wrapper.application; includeInIndex = 0; path = dogtraffic.app; sourceTree = BUILT_PRODUCTS_DIR; };
		AD4482662DD667A70088EDB0 /* dogtrafficTests.xctest */ = {isa = PBXFileReference; explicitFileType = wrapper.cfbundle; includeInIndex = 0; path = dogtrafficTests.xctest; sourceTree = BUILT_PRODUCTS_DIR; };
		AD4482702DD667A70088EDB0 /* dogtrafficUITests.xctest */ = {isa = PBXFileReference; explicitFileType = wrapper.cfbundle; includeInIndex = 0; path = dogtrafficUITests.xctest; sourceTree = BUILT_PRODUCTS_DIR; };
/* End PBXFileReference section */

/* Begin PBXFileSystemSynchronizedBuildFileExceptionSet section */
		AD4482AA2DDD5BC00088EDB0 /* Exceptions for "dogtraffic" folder in "dogtraffic" target */ = {
			isa = PBXFileSystemSynchronizedBuildFileExceptionSet;
			membershipExceptions = (
				Info.plist,
			);
			target = AD4482552DD667A60088EDB0 /* dogtraffic */;
		};
/* End PBXFileSystemSynchronizedBuildFileExceptionSet section */

/* Begin PBXFileSystemSynchronizedRootGroup section */
		AD4482582DD667A60088EDB0 /* dogtraffic */ = {
			isa = PBXFileSystemSynchronizedRootGroup;
			exceptions = (
				AD4482AA2DDD5BC00088EDB0 /* Exceptions for "dogtraffic" folder in "dogtraffic" target */,
			);
			path = dogtraffic;
			sourceTree = "<group>";
		};
		AD4482692DD667A70088EDB0 /* dogtrafficTests */ = {
			isa = PBXFileSystemSynchronizedRootGroup;
			path = dogtrafficTests;
			sourceTree = "<group>";
		};
		AD4482732DD667A70088EDB0 /* dogtrafficUITests */ = {
			isa = PBXFileSystemSynchronizedRootGroup;
			path = dogtrafficUITests;
			sourceTree = "<group>";
		};
/* End PBXFileSystemSynchronizedRootGroup section */

/* Begin PBXFrameworksBuildPhase section */
		AD4482532DD667A60088EDB0 /* Frameworks */ = {
			isa = PBXFrameworksBuildPhase;
			buildActionMask = 2147483647;
			files = (
			);
			runOnlyForDeploymentPostprocessing = 0;
		};
		AD4482632DD667A70088EDB0 /* Frameworks */ = {
			isa = PBXFrameworksBuildPhase;
			buildActionMask = 2147483647;
			files = (
			);
			runOnlyForDeploymentPostprocessing = 0;
		};
		AD44826D2DD667A70088EDB0 /* Frameworks */ = {
			isa = PBXFrameworksBuildPhase;
			buildActionMask = 2147483647;
			files = (
			);
			runOnlyForDeploymentPostprocessing = 0;
		};
/* End PBXFrameworksBuildPhase section */

/* Begin PBXGroup section */
		AD44824D2DD667A60088EDB0 = {
			isa = PBXGroup;
			children = (
				AD4482582DD667A60088EDB0 /* dogtraffic */,
				AD4482692DD667A70088EDB0 /* dogtrafficTests */,
				AD4482732DD667A70088EDB0 /* dogtrafficUITests */,
				AD4482572DD667A60088EDB0 /* Products */,
			);
			sourceTree = "<group>";
		};
		AD4482572DD667A60088EDB0 /* Products */ = {
			isa = PBXGroup;
			children = (
				AD4482562DD667A60088EDB0 /* dogtraffic.app */,
				AD4482662DD667A70088EDB0 /* dogtrafficTests.xctest */,
				AD4482702DD667A70088EDB0 /* dogtrafficUITests.xctest */,
			);
			name = Products;
			sourceTree = "<group>";
		};
/* End PBXGroup section */

/* Begin PBXNativeTarget section */
		AD4482552DD667A60088EDB0 /* dogtraffic */ = {
			isa = PBXNativeTarget;
			buildConfigurationList = AD44827A2DD667A70088EDB0 /* Build configuration list for PBXNativeTarget "dogtraffic" */;
			buildPhases = (
				AD4482522DD667A60088EDB0 /* Sources */,
				AD4482532DD667A60088EDB0 /* Frameworks */,
				AD4482542DD667A60088EDB0 /* Resources */,
			);
			buildRules = (
			);
			dependencies = (
			);
			fileSystemSynchronizedGroups = (
				AD4482582DD667A60088EDB0 /* dogtraffic */,
			);
			name = dogtraffic;
			packageProductDependencies = (
			);
			productName = dogtraffic;
			productReference = AD4482562DD667A60088EDB0 /* dogtraffic.app */;
			productType = "com.apple.product-type.application";
		};
		AD4482652DD667A70088EDB0 /* dogtrafficTests */ = {
			isa = PBXNativeTarget;
			buildConfigurationList = AD44827D2DD667A70088EDB0 /* Build configuration list for PBXNativeTarget "dogtrafficTests" */;
			buildPhases = (
				AD4482622DD667A70088EDB0 /* Sources */,
				AD4482632DD667A70088EDB0 /* Frameworks */,
				AD4482642DD667A70088EDB0 /* Resources */,
			);
			buildRules = (
			);
			dependencies = (
				AD4482682DD667A70088EDB0 /* PBXTargetDependency */,
			);
			fileSystemSynchronizedGroups = (
				AD4482692DD667A70088EDB0 /* dogtrafficTests */,
			);
			name = dogtrafficTests;
			packageProductDependencies = (
			);
			productName = dogtrafficTests;
			productReference = AD4482662DD667A70088EDB0 /* dogtrafficTests.xctest */;
			productType = "com.apple.product-type.bundle.unit-test";
		};
		AD44826F2DD667A70088EDB0 /* dogtrafficUITests */ = {
			isa = PBXNativeTarget;
			buildConfigurationList = AD4482802DD667A70088EDB0 /* Build configuration list for PBXNativeTarget "dogtrafficUITests" */;
			buildPhases = (
				AD44826C2DD667A70088EDB0 /* Sources */,
				AD44826D2DD667A70088EDB0 /* Frameworks */,
				AD44826E2DD667A70088EDB0 /* Resources */,
			);
			buildRules = (
			);
			dependencies = (
				AD4482722DD667A70088EDB0 /* PBXTargetDependency */,
			);
			fileSystemSynchronizedGroups = (
				AD4482732DD667A70088EDB0 /* dogtrafficUITests */,
			);
			name = dogtrafficUITests;
			packageProductDependencies = (
			);
			productName = dogtrafficUITests;
			productReference = AD4482702DD667A70088EDB0 /* dogtrafficUITests.xctest */;
			productType = "com.apple.product-type.bundle.ui-testing";
		};
/* End PBXNativeTarget section */

/* Begin PBXProject section */
		AD44824E2DD667A60088EDB0 /* Project object */ = {
			isa = PBXProject;
			attributes = {
				BuildIndependentTargetsInParallel = 1;
				LastSwiftUpdateCheck = 1620;
				LastUpgradeCheck = 1620;
				TargetAttributes = {
					AD4482552DD667A60088EDB0 = {
						CreatedOnToolsVersion = 16.2;
					};
					AD4482652DD667A70088EDB0 = {
						CreatedOnToolsVersion = 16.2;
						TestTargetID = AD4482552DD667A60088EDB0;
					};
					AD44826F2DD667A70088EDB0 = {
						CreatedOnToolsVersion = 16.2;
						TestTargetID = AD4482552DD667A60088EDB0;
					};
				};
			};
			buildConfigurationList = AD4482512DD667A60088EDB0 /* Build configuration list for PBXProject "dogtraffic" */;
			developmentRegion = en;
			hasScannedForEncodings = 0;
			knownRegions = (
				en,
				Base,
			);
			mainGroup = AD44824D2DD667A60088EDB0;
			minimizedProjectReferenceProxies = 1;
			packageReferences = (
				AD4482AD2DDD6F320088EDB0 /* XCRemoteSwiftPackageReference "firebase-ios-sdk" */,
			);
			preferredProjectObjectVersion = 77;
			productRefGroup = AD4482572DD667A60088EDB0 /* Products */;
			projectDirPath = "";
			projectRoot = "";
			targets = (
				AD4482552DD667A60088EDB0 /* dogtraffic */,
				AD4482652DD667A70088EDB0 /* dogtrafficTests */,
				AD44826F2DD667A70088EDB0 /* dogtrafficUITests */,
			);
		};
/* End PBXProject section */

/* Begin PBXResourcesBuildPhase section */
		AD4482542DD667A60088EDB0 /* Resources */ = {
			isa = PBXResourcesBuildPhase;
			buildActionMask = 2147483647;
			files = (
			);
			runOnlyForDeploymentPostprocessing = 0;
		};
		AD4482642DD667A70088EDB0 /* Resources */ = {
			isa = PBXResourcesBuildPhase;
			buildActionMask = 2147483647;
			files = (
			);
			runOnlyForDeploymentPostprocessing = 0;
		};
		AD44826E2DD667A70088EDB0 /* Resources */ = {
			isa = PBXResourcesBuildPhase;
			buildActionMask = 2147483647;
			files = (
			);
			runOnlyForDeploymentPostprocessing = 0;
		};
/* End PBXResourcesBuildPhase section */

/* Begin PBXSourcesBuildPhase section */
		AD4482522DD667A60088EDB0 /* Sources */ = {
			isa = PBXSourcesBuildPhase;
			buildActionMask = 2147483647;
			files = (
			);
			runOnlyForDeploymentPostprocessing = 0;
		};
		AD4482622DD667A70088EDB0 /* Sources */ = {
			isa = PBXSourcesBuildPhase;
			buildActionMask = 2147483647;
			files = (
			);
			runOnlyForDeploymentPostprocessing = 0;
		};
		AD44826C2DD667A70088EDB0 /* Sources */ = {
			isa = PBXSourcesBuildPhase;
			buildActionMask = 2147483647;
			files = (
			);
			runOnlyForDeploymentPostprocessing = 0;
		};
/* End PBXSourcesBuildPhase section */

/* Begin PBXTargetDependency section */
		AD4482682DD667A70088EDB0 /* PBXTargetDependency */ = {
			isa = PBXTargetDependency;
			target = AD4482552DD667A60088EDB0 /* dogtraffic */;
			targetProxy = AD4482672DD667A70088EDB0 /* PBXContainerItemProxy */;
		};
		AD4482722DD667A70088EDB0 /* PBXTargetDependency */ = {
			isa = PBXTargetDependency;
			target = AD4482552DD667A60088EDB0 /* dogtraffic */;
			targetProxy = AD4482712DD667A70088EDB0 /* PBXContainerItemProxy */;
		};
/* End PBXTargetDependency section */

/* Begin XCBuildConfiguration section */
		AD4482782DD667A70088EDB0 /* Debug */ = {
			isa = XCBuildConfiguration;
			buildSettings = {
				ALWAYS_SEARCH_USER_PATHS = NO;
				ASSETCATALOG_COMPILER_GENERATE_SWIFT_ASSET_SYMBOL_EXTENSIONS = YES;
				CLANG_ANALYZER_NONNULL = YES;
				CLANG_ANALYZER_NUMBER_OBJECT_CONVERSION = YES_AGGRESSIVE;
				CLANG_CXX_LANGUAGE_STANDARD = "gnu++20";
				CLANG_ENABLE_MODULES = YES;
				CLANG_ENABLE_OBJC_ARC = YES;
				CLANG_ENABLE_OBJC_WEAK = YES;
				CLANG_WARN_BLOCK_CAPTURE_AUTORELEASING = YES;
				CLANG_WARN_BOOL_CONVERSION = YES;
				CLANG_WARN_COMMA = YES;
				CLANG_WARN_CONSTANT_CONVERSION = YES;
				CLANG_WARN_DEPRECATED_OBJC_IMPLEMENTATIONS = YES;
				CLANG_WARN_DIRECT_OBJC_ISA_USAGE = YES_ERROR;
				CLANG_WARN_DOCUMENTATION_COMMENTS = YES;
				CLANG_WARN_EMPTY_BODY = YES;
				CLANG_WARN_ENUM_CONVERSION = YES;
				CLANG_WARN_INFINITE_RECURSION = YES;
				CLANG_WARN_INT_CONVERSION = YES;
				CLANG_WARN_NON_LITERAL_NULL_CONVERSION = YES;
				CLANG_WARN_OBJC_IMPLICIT_RETAIN_SELF = YES;
				CLANG_WARN_OBJC_LITERAL_CONVERSION = YES;
				CLANG_WARN_OBJC_ROOT_CLASS = YES_ERROR;
				CLANG_WARN_QUOTED_INCLUDE_IN_FRAMEWORK_HEADER = YES;
				CLANG_WARN_RANGE_LOOP_ANALYSIS = YES;
				CLANG_WARN_STRICT_PROTOTYPES = YES;
				CLANG_WARN_SUSPICIOUS_MOVE = YES;
				CLANG_WARN_UNGUARDED_AVAILABILITY = YES_AGGRESSIVE;
				CLANG_WARN_UNREACHABLE_CODE = YES;
				CLANG_WARN__DUPLICATE_METHOD_MATCH = YES;
				COPY_PHASE_STRIP = NO;
				DEBUG_INFORMATION_FORMAT = dwarf;
				ENABLE_STRICT_OBJC_MSGSEND = YES;
				ENABLE_TESTABILITY = YES;
				ENABLE_USER_SCRIPT_SANDBOXING = YES;
				GCC_C_LANGUAGE_STANDARD = gnu17;
				GCC_DYNAMIC_NO_PIC = NO;
				GCC_NO_COMMON_BLOCKS = YES;
				GCC_OPTIMIZATION_LEVEL = 0;
				GCC_PREPROCESSOR_DEFINITIONS = (
					"DEBUG=1",
					"$(inherited)",
				);
				GCC_WARN_64_TO_32_BIT_CONVERSION = YES;
				GCC_WARN_ABOUT_RETURN_TYPE = YES_ERROR;
				GCC_WARN_UNDECLARED_SELECTOR = YES;
				GCC_WARN_UNINITIALIZED_AUTOS = YES_AGGRESSIVE;
				GCC_WARN_UNUSED_FUNCTION = YES;
				GCC_WARN_UNUSED_VARIABLE = YES;
				IPHONEOS_DEPLOYMENT_TARGET = 18.2;
				LOCALIZATION_PREFERS_STRING_CATALOGS = YES;
				MTL_ENABLE_DEBUG_INFO = INCLUDE_SOURCE;
				MTL_FAST_MATH = YES;
				ONLY_ACTIVE_ARCH = YES;
				SDKROOT = iphoneos;
				SWIFT_ACTIVE_COMPILATION_CONDITIONS = "DEBUG $(inherited)";
				SWIFT_OPTIMIZATION_LEVEL = "-Onone";
			};
			name = Debug;
		};
		AD4482792DD667A70088EDB0 /* Release */ = {
			isa = XCBuildConfiguration;
			buildSettings = {
				ALWAYS_SEARCH_USER_PATHS = NO;
				ASSETCATALOG_COMPILER_GENERATE_SWIFT_ASSET_SYMBOL_EXTENSIONS = YES;
				CLANG_ANALYZER_NONNULL = YES;
				CLANG_ANALYZER_NUMBER_OBJECT_CONVERSION = YES_AGGRESSIVE;
				CLANG_CXX_LANGUAGE_STANDARD = "gnu++20";
				CLANG_ENABLE_MODULES = YES;
				CLANG_ENABLE_OBJC_ARC = YES;
				CLANG_ENABLE_OBJC_WEAK = YES;
				CLANG_WARN_BLOCK_CAPTURE_AUTORELEASING = YES;
				CLANG_WARN_BOOL_CONVERSION = YES;
				CLANG_WARN_COMMA = YES;
				CLANG_WARN_CONSTANT_CONVERSION = YES;
				CLANG_WARN_DEPRECATED_OBJC_IMPLEMENTATIONS = YES;
				CLANG_WARN_DIRECT_OBJC_ISA_USAGE = YES_ERROR;
				CLANG_WARN_DOCUMENTATION_COMMENTS = YES;
				CLANG_WARN_EMPTY_BODY = YES;
				CLANG_WARN_ENUM_CONVERSION = YES;
				CLANG_WARN_INFINITE_RECURSION = YES;
				CLANG_WARN_INT_CONVERSION = YES;
				CLANG_WARN_NON_LITERAL_NULL_CONVERSION = YES;
				CLANG_WARN_OBJC_IMPLICIT_RETAIN_SELF = YES;
				CLANG_WARN_OBJC_LITERAL_CONVERSION = YES;
				CLANG_WARN_OBJC_ROOT_CLASS = YES_ERROR;
				CLANG_WARN_QUOTED_INCLUDE_IN_FRAMEWORK_HEADER = YES;
				CLANG_WARN_RANGE_LOOP_ANALYSIS = YES;
				CLANG_WARN_STRICT_PROTOTYPES = YES;
				CLANG_WARN_SUSPICIOUS_MOVE = YES;
				CLANG_WARN_UNGUARDED_AVAILABILITY = YES_AGGRESSIVE;
				CLANG_WARN_UNREACHABLE_CODE = YES;
				CLANG_WARN__DUPLICATE_METHOD_MATCH = YES;
				COPY_PHASE_STRIP = NO;
				DEBUG_INFORMATION_FORMAT = "dwarf-with-dsym";
				ENABLE_NS_ASSERTIONS = NO;
				ENABLE_STRICT_OBJC_MSGSEND = YES;
				ENABLE_USER_SCRIPT_SANDBOXING = YES;
				GCC_C_LANGUAGE_STANDARD = gnu17;
				GCC_NO_COMMON_BLOCKS = YES;
				GCC_WARN_64_TO_32_BIT_CONVERSION = YES;
				GCC_WARN_ABOUT_RETURN_TYPE = YES_ERROR;
				GCC_WARN_UNDECLARED_SELECTOR = YES;
				GCC_WARN_UNINITIALIZED_AUTOS = YES_AGGRESSIVE;
				GCC_WARN_UNUSED_FUNCTION = YES;
				GCC_WARN_UNUSED_VARIABLE = YES;
				IPHONEOS_DEPLOYMENT_TARGET = 18.2;
				LOCALIZATION_PREFERS_STRING_CATALOGS = YES;
				MTL_ENABLE_DEBUG_INFO = NO;
				MTL_FAST_MATH = YES;
				SDKROOT = iphoneos;
				SWIFT_COMPILATION_MODE = wholemodule;
				VALIDATE_PRODUCT = YES;
			};
			name = Release;
		};
		AD44827B2DD667A70088EDB0 /* Debug */ = {
			isa = XCBuildConfiguration;
			buildSettings = {
				ASSETCATALOG_COMPILER_APPICON_NAME = AppIcon;
				ASSETCATALOG_COMPILER_GLOBAL_ACCENT_COLOR_NAME = AccentColor;
				CODE_SIGN_STYLE = Automatic;
				CURRENT_PROJECT_VERSION = 1;
				DEVELOPMENT_ASSET_PATHS = "\"dogtraffic/Preview Content\"";
				DEVELOPMENT_TEAM = 4GYMV4XGS6;
				ENABLE_PREVIEWS = YES;
				GENERATE_INFOPLIST_FILE = YES;
				INFOPLIST_FILE = dogtraffic/Info.plist;
				INFOPLIST_KEY_NSLocationWhenInUseUsageDescription = "We need your location to automatically find nearby dog parks around you.";
				INFOPLIST_KEY_UIApplicationSceneManifest_Generation = YES;
				INFOPLIST_KEY_UIApplicationSupportsIndirectInputEvents = YES;
				INFOPLIST_KEY_UILaunchScreen_Generation = YES;
				INFOPLIST_KEY_UISupportedInterfaceOrientations_iPad = "UIInterfaceOrientationPortrait UIInterfaceOrientationPortraitUpsideDown UIInterfaceOrientationLandscapeLeft UIInterfaceOrientationLandscapeRight";
				INFOPLIST_KEY_UISupportedInterfaceOrientations_iPhone = "UIInterfaceOrientationPortrait UIInterfaceOrientationLandscapeLeft UIInterfaceOrientationLandscapeRight";
				LD_RUNPATH_SEARCH_PATHS = (
					"$(inherited)",
					"@executable_path/Frameworks",
				);
				MARKETING_VERSION = 1.0;
				PRODUCT_BUNDLE_IDENTIFIER = com.echo.ios.dogtraffic;
				PRODUCT_NAME = "$(TARGET_NAME)";
				SWIFT_EMIT_LOC_STRINGS = YES;
				SWIFT_VERSION = 5.0;
				TARGETED_DEVICE_FAMILY = "1,2";
			};
			name = Debug;
		};
		AD44827C2DD667A70088EDB0 /* Release */ = {
			isa = XCBuildConfiguration;
			buildSettings = {
				ASSETCATALOG_COMPILER_APPICON_NAME = AppIcon;
				ASSETCATALOG_COMPILER_GLOBAL_ACCENT_COLOR_NAME = AccentColor;
				CODE_SIGN_STYLE = Automatic;
				CURRENT_PROJECT_VERSION = 1;
				DEVELOPMENT_ASSET_PATHS = "\"dogtraffic/Preview Content\"";
				DEVELOPMENT_TEAM = 4GYMV4XGS6;
				ENABLE_PREVIEWS = YES;
				GENERATE_INFOPLIST_FILE = YES;
				INFOPLIST_FILE = dogtraffic/Info.plist;
				INFOPLIST_KEY_NSLocationWhenInUseUsageDescription = "We need your location to automatically find nearby dog parks around you.";
				INFOPLIST_KEY_UIApplicationSceneManifest_Generation = YES;
				INFOPLIST_KEY_UIApplicationSupportsIndirectInputEvents = YES;
				INFOPLIST_KEY_UILaunchScreen_Generation = YES;
				INFOPLIST_KEY_UISupportedInterfaceOrientations_iPad = "UIInterfaceOrientationPortrait UIInterfaceOrientationPortraitUpsideDown UIInterfaceOrientationLandscapeLeft UIInterfaceOrientationLandscapeRight";
				INFOPLIST_KEY_UISupportedInterfaceOrientations_iPhone = "UIInterfaceOrientationPortrait UIInterfaceOrientationLandscapeLeft UIInterfaceOrientationLandscapeRight";
				LD_RUNPATH_SEARCH_PATHS = (
					"$(inherited)",
					"@executable_path/Frameworks",
				);
				MARKETING_VERSION = 1.0;
				PRODUCT_BUNDLE_IDENTIFIER = com.echo.ios.dogtraffic;
				PRODUCT_NAME = "$(TARGET_NAME)";
				SWIFT_EMIT_LOC_STRINGS = YES;
				SWIFT_VERSION = 5.0;
				TARGETED_DEVICE_FAMILY = "1,2";
			};
			name = Release;
		};
		AD44827E2DD667A70088EDB0 /* Debug */ = {
			isa = XCBuildConfiguration;
			buildSettings = {
				BUNDLE_LOADER = "$(TEST_HOST)";
				CODE_SIGN_STYLE = Automatic;
				CURRENT_PROJECT_VERSION = 1;
				DEVELOPMENT_TEAM = 4GYMV4XGS6;
				GENERATE_INFOPLIST_FILE = YES;
				IPHONEOS_DEPLOYMENT_TARGET = 18.2;
				MARKETING_VERSION = 1.0;
				PRODUCT_BUNDLE_IDENTIFIER = com.echo.ios.dogtrafficTests;
				PRODUCT_NAME = "$(TARGET_NAME)";
				SWIFT_EMIT_LOC_STRINGS = NO;
				SWIFT_VERSION = 5.0;
				TARGETED_DEVICE_FAMILY = "1,2";
				TEST_HOST = "$(BUILT_PRODUCTS_DIR)/dogtraffic.app/$(BUNDLE_EXECUTABLE_FOLDER_PATH)/dogtraffic";
			};
			name = Debug;
		};
		AD44827F2DD667A70088EDB0 /* Release */ = {
			isa = XCBuildConfiguration;
			buildSettings = {
				BUNDLE_LOADER = "$(TEST_HOST)";
				CODE_SIGN_STYLE = Automatic;
				CURRENT_PROJECT_VERSION = 1;
				DEVELOPMENT_TEAM = 4GYMV4XGS6;
				GENERATE_INFOPLIST_FILE = YES;
				IPHONEOS_DEPLOYMENT_TARGET = 18.2;
				MARKETING_VERSION = 1.0;
				PRODUCT_BUNDLE_IDENTIFIER = com.echo.ios.dogtrafficTests;
				PRODUCT_NAME = "$(TARGET_NAME)";
				SWIFT_EMIT_LOC_STRINGS = NO;
				SWIFT_VERSION = 5.0;
				TARGETED_DEVICE_FAMILY = "1,2";
				TEST_HOST = "$(BUILT_PRODUCTS_DIR)/dogtraffic.app/$(BUNDLE_EXECUTABLE_FOLDER_PATH)/dogtraffic";
			};
			name = Release;
		};
		AD4482812DD667A70088EDB0 /* Debug */ = {
			isa = XCBuildConfiguration;
			buildSettings = {
				CODE_SIGN_STYLE = Automatic;
				CURRENT_PROJECT_VERSION = 1;
				DEVELOPMENT_TEAM = 4GYMV4XGS6;
				GENERATE_INFOPLIST_FILE = YES;
				MARKETING_VERSION = 1.0;
				PRODUCT_BUNDLE_IDENTIFIER = com.echo.ios.dogtrafficUITests;
				PRODUCT_NAME = "$(TARGET_NAME)";
				SWIFT_EMIT_LOC_STRINGS = NO;
				SWIFT_VERSION = 5.0;
				TARGETED_DEVICE_FAMILY = "1,2";
				TEST_TARGET_NAME = dogtraffic;
			};
			name = Debug;
		};
		AD4482822DD667A70088EDB0 /* Release */ = {
			isa = XCBuildConfiguration;
			buildSettings = {
				CODE_SIGN_STYLE = Automatic;
				CURRENT_PROJECT_VERSION = 1;
				DEVELOPMENT_TEAM = 4GYMV4XGS6;
				GENERATE_INFOPLIST_FILE = YES;
				MARKETING_VERSION = 1.0;
				PRODUCT_BUNDLE_IDENTIFIER = com.echo.ios.dogtrafficUITests;
				PRODUCT_NAME = "$(TARGET_NAME)";
				SWIFT_EMIT_LOC_STRINGS = NO;
				SWIFT_VERSION = 5.0;
				TARGETED_DEVICE_FAMILY = "1,2";
				TEST_TARGET_NAME = dogtraffic;
			};
			name = Release;
		};
/* End XCBuildConfiguration section */

/* Begin XCConfigurationList section */
		AD4482512DD667A60088EDB0 /* Build configuration list for PBXProject "dogtraffic" */ = {
			isa = XCConfigurationList;
			buildConfigurations = (
				AD4482782DD667A70088EDB0 /* Debug */,
				AD4482792DD667A70088EDB0 /* Release */,
			);
			defaultConfigurationIsVisible = 0;
			defaultConfigurationName = Release;
		};
		AD44827A2DD667A70088EDB0 /* Build configuration list for PBXNativeTarget "dogtraffic" */ = {
			isa = XCConfigurationList;
			buildConfigurations = (
				AD44827B2DD667A70088EDB0 /* Debug */,
				AD44827C2DD667A70088EDB0 /* Release */,
			);
			defaultConfigurationIsVisible = 0;
			defaultConfigurationName = Release;
		};
		AD44827D2DD667A70088EDB0 /* Build configuration list for PBXNativeTarget "dogtrafficTests" */ = {
			isa = XCConfigurationList;
			buildConfigurations = (
				AD44827E2DD667A70088EDB0 /* Debug */,
				AD44827F2DD667A70088EDB0 /* Release */,
			);
			defaultConfigurationIsVisible = 0;
			defaultConfigurationName = Release;
		};
		AD4482802DD667A70088EDB0 /* Build configuration list for PBXNativeTarget "dogtrafficUITests" */ = {
			isa = XCConfigurationList;
			buildConfigurations = (
				AD4482812DD667A70088EDB0 /* Debug */,
				AD4482822DD667A70088EDB0 /* Release */,
			);
			defaultConfigurationIsVisible = 0;
			defaultConfigurationName = Release;
		};
/* End XCConfigurationList section */

/* Begin XCRemoteSwiftPackageReference section */
		AD4482AD2DDD6F320088EDB0 /* XCRemoteSwiftPackageReference "firebase-ios-sdk" */ = {
			isa = XCRemoteSwiftPackageReference;
			repositoryURL = "https://github.com/firebase/firebase-ios-sdk";
			requirement = {
				kind = upToNextMajorVersion;
				minimumVersion = 11.13.0;
			};
		};
/* End XCRemoteSwiftPackageReference section */
	};
	rootObject = AD44824E2DD667A60088EDB0 /* Project object */;
}
